// !$*UTF8*$!
{
	archiveVersion = 1;
	classes = {
	};
	objectVersion = 55;
	objects = {

/* Begin PBXBuildFile section */
		3FEBE6702988A0920ECCE2F0 /* Pods_Flixter.framework in Frameworks */ = {isa = PBXBuildFile; fileRef = 832EE15EFFA70D9730A6477C /* Pods_Flixter.framework */; };
		435C2A48FF24553BF6680744 /* Pods_FlixterTests.framework in Frameworks */ = {isa = PBXBuildFile; fileRef = A0503944EF18A3578EA37627 /* Pods_FlixterTests.framework */; };
		462A92B8285A4E6D00FFE6E5 /* AppDelegate.m in Sources */ = {isa = PBXBuildFile; fileRef = 462A92B7285A4E6D00FFE6E5 /* AppDelegate.m */; };
		462A92BB285A4E6D00FFE6E5 /* SceneDelegate.m in Sources */ = {isa = PBXBuildFile; fileRef = 462A92BA285A4E6D00FFE6E5 /* SceneDelegate.m */; };
		462A92C1285A4E6D00FFE6E5 /* Main.storyboard in Resources */ = {isa = PBXBuildFile; fileRef = 462A92BF285A4E6D00FFE6E5 /* Main.storyboard */; };
		462A92C3285A4E6E00FFE6E5 /* Assets.xcassets in Resources */ = {isa = PBXBuildFile; fileRef = 462A92C2285A4E6E00FFE6E5 /* Assets.xcassets */; };
		462A92C6285A4E6E00FFE6E5 /* LaunchScreen.storyboard in Resources */ = {isa = PBXBuildFile; fileRef = 462A92C4285A4E6E00FFE6E5 /* LaunchScreen.storyboard */; };
		462A92C9285A4E6E00FFE6E5 /* main.m in Sources */ = {isa = PBXBuildFile; fileRef = 462A92C8285A4E6E00FFE6E5 /* main.m */; };
		462A92D3285A4E6E00FFE6E5 /* FlixterTests.m in Sources */ = {isa = PBXBuildFile; fileRef = 462A92D2285A4E6E00FFE6E5 /* FlixterTests.m */; };
		462A92DD285A4E6E00FFE6E5 /* FlixterUITests.m in Sources */ = {isa = PBXBuildFile; fileRef = 462A92DC285A4E6E00FFE6E5 /* FlixterUITests.m */; };
		462A92DF285A4E6E00FFE6E5 /* FlixterUITestsLaunchTests.m in Sources */ = {isa = PBXBuildFile; fileRef = 462A92DE285A4E6E00FFE6E5 /* FlixterUITestsLaunchTests.m */; };
		462A92ED285A528900FFE6E5 /* MovieViewController.m in Sources */ = {isa = PBXBuildFile; fileRef = 462A92EC285A528900FFE6E5 /* MovieViewController.m */; };
		462A92F3285A9AA600FFE6E5 /* MovieCell.m in Sources */ = {isa = PBXBuildFile; fileRef = 462A92F2285A9AA600FFE6E5 /* MovieCell.m */; };
		4673EA25285D132C0066112F /* GridViewController.m in Sources */ = {isa = PBXBuildFile; fileRef = 4673EA24285D132C0066112F /* GridViewController.m */; };
		4673EA28285D31CA0066112F /* GridViewCell.m in Sources */ = {isa = PBXBuildFile; fileRef = 4673EA27285D31CA0066112F /* GridViewCell.m */; };
		4673EA2B285D3A6F0066112F /* PosterDetailViewController.m in Sources */ = {isa = PBXBuildFile; fileRef = 4673EA2A285D3A6F0066112F /* PosterDetailViewController.m */; };
		4675EF47285BDE3C00EBAEF4 /* DetailsViewController.m in Sources */ = {isa = PBXBuildFile; fileRef = 4675EF46285BDE3C00EBAEF4 /* DetailsViewController.m */; };
		F1E7D004C6A10D5E63F30CFB /* Pods_Flixter_FlixterUITests.framework in Frameworks */ = {isa = PBXBuildFile; fileRef = 862CBD178DF23E95ADE155AE /* Pods_Flixter_FlixterUITests.framework */; };
/* End PBXBuildFile section */

/* Begin PBXContainerItemProxy section */
		462A92CF285A4E6E00FFE6E5 /* PBXContainerItemProxy */ = {
			isa = PBXContainerItemProxy;
			containerPortal = 462A92AB285A4E6D00FFE6E5 /* Project object */;
			proxyType = 1;
			remoteGlobalIDString = 462A92B2285A4E6D00FFE6E5;
			remoteInfo = Flixter;
		};
		462A92D9285A4E6E00FFE6E5 /* PBXContainerItemProxy */ = {
			isa = PBXContainerItemProxy;
			containerPortal = 462A92AB285A4E6D00FFE6E5 /* Project object */;
			proxyType = 1;
			remoteGlobalIDString = 462A92B2285A4E6D00FFE6E5;
			remoteInfo = Flixter;
		};
/* End PBXContainerItemProxy section */

/* Begin PBXFileReference section */
		2A7F52620AF0E2A442D61C56 /* Pods-FlixterTests.release.xcconfig */ = {isa = PBXFileReference; includeInIndex = 1; lastKnownFileType = text.xcconfig; name = "Pods-FlixterTests.release.xcconfig"; path = "Target Support Files/Pods-FlixterTests/Pods-FlixterTests.release.xcconfig"; sourceTree = "<group>"; };
		462A92B3285A4E6D00FFE6E5 /* Flixter.app */ = {isa = PBXFileReference; explicitFileType = wrapper.application; includeInIndex = 0; path = Flixter.app; sourceTree = BUILT_PRODUCTS_DIR; };
		462A92B6285A4E6D00FFE6E5 /* AppDelegate.h */ = {isa = PBXFileReference; lastKnownFileType = sourcecode.c.h; path = AppDelegate.h; sourceTree = "<group>"; };
		462A92B7285A4E6D00FFE6E5 /* AppDelegate.m */ = {isa = PBXFileReference; lastKnownFileType = sourcecode.c.objc; path = AppDelegate.m; sourceTree = "<group>"; };
		462A92B9285A4E6D00FFE6E5 /* SceneDelegate.h */ = {isa = PBXFileReference; lastKnownFileType = sourcecode.c.h; path = SceneDelegate.h; sourceTree = "<group>"; };
		462A92BA285A4E6D00FFE6E5 /* SceneDelegate.m */ = {isa = PBXFileReference; lastKnownFileType = sourcecode.c.objc; path = SceneDelegate.m; sourceTree = "<group>"; };
		462A92C0285A4E6D00FFE6E5 /* Base */ = {isa = PBXFileReference; lastKnownFileType = file.storyboard; name = Base; path = Base.lproj/Main.storyboard; sourceTree = "<group>"; };
		462A92C2285A4E6E00FFE6E5 /* Assets.xcassets */ = {isa = PBXFileReference; lastKnownFileType = folder.assetcatalog; path = Assets.xcassets; sourceTree = "<group>"; };
		462A92C5285A4E6E00FFE6E5 /* Base */ = {isa = PBXFileReference; lastKnownFileType = file.storyboard; name = Base; path = Base.lproj/LaunchScreen.storyboard; sourceTree = "<group>"; };
		462A92C7285A4E6E00FFE6E5 /* Info.plist */ = {isa = PBXFileReference; lastKnownFileType = text.plist.xml; path = Info.plist; sourceTree = "<group>"; };
		462A92C8285A4E6E00FFE6E5 /* main.m */ = {isa = PBXFileReference; lastKnownFileType = sourcecode.c.objc; path = main.m; sourceTree = "<group>"; };
		462A92CE285A4E6E00FFE6E5 /* FlixterTests.xctest */ = {isa = PBXFileReference; explicitFileType = wrapper.cfbundle; includeInIndex = 0; path = FlixterTests.xctest; sourceTree = BUILT_PRODUCTS_DIR; };
		462A92D2285A4E6E00FFE6E5 /* FlixterTests.m */ = {isa = PBXFileReference; lastKnownFileType = sourcecode.c.objc; path = FlixterTests.m; sourceTree = "<group>"; };
		462A92D8285A4E6E00FFE6E5 /* FlixterUITests.xctest */ = {isa = PBXFileReference; explicitFileType = wrapper.cfbundle; includeInIndex = 0; path = FlixterUITests.xctest; sourceTree = BUILT_PRODUCTS_DIR; };
		462A92DC285A4E6E00FFE6E5 /* FlixterUITests.m */ = {isa = PBXFileReference; lastKnownFileType = sourcecode.c.objc; path = FlixterUITests.m; sourceTree = "<group>"; };
		462A92DE285A4E6E00FFE6E5 /* FlixterUITestsLaunchTests.m */ = {isa = PBXFileReference; lastKnownFileType = sourcecode.c.objc; path = FlixterUITestsLaunchTests.m; sourceTree = "<group>"; };
		462A92EB285A528900FFE6E5 /* MovieViewController.h */ = {isa = PBXFileReference; lastKnownFileType = sourcecode.c.h; path = MovieViewController.h; sourceTree = "<group>"; };
		462A92EC285A528900FFE6E5 /* MovieViewController.m */ = {isa = PBXFileReference; lastKnownFileType = sourcecode.c.objc; path = MovieViewController.m; sourceTree = "<group>"; };
		462A92F1285A9AA600FFE6E5 /* MovieCell.h */ = {isa = PBXFileReference; lastKnownFileType = sourcecode.c.h; path = MovieCell.h; sourceTree = "<group>"; };
		462A92F2285A9AA600FFE6E5 /* MovieCell.m */ = {isa = PBXFileReference; lastKnownFileType = sourcecode.c.objc; path = MovieCell.m; sourceTree = "<group>"; };
		4673EA23285D132C0066112F /* GridViewController.h */ = {isa = PBXFileReference; lastKnownFileType = sourcecode.c.h; path = GridViewController.h; sourceTree = "<group>"; };
		4673EA24285D132C0066112F /* GridViewController.m */ = {isa = PBXFileReference; lastKnownFileType = sourcecode.c.objc; path = GridViewController.m; sourceTree = "<group>"; };
		4673EA26285D31CA0066112F /* GridViewCell.h */ = {isa = PBXFileReference; lastKnownFileType = sourcecode.c.h; path = GridViewCell.h; sourceTree = "<group>"; };
		4673EA27285D31CA0066112F /* GridViewCell.m */ = {isa = PBXFileReference; lastKnownFileType = sourcecode.c.objc; path = GridViewCell.m; sourceTree = "<group>"; };
		4673EA29285D3A6F0066112F /* PosterDetailViewController.h */ = {isa = PBXFileReference; lastKnownFileType = sourcecode.c.h; path = PosterDetailViewController.h; sourceTree = "<group>"; };
		4673EA2A285D3A6F0066112F /* PosterDetailViewController.m */ = {isa = PBXFileReference; lastKnownFileType = sourcecode.c.objc; path = PosterDetailViewController.m; sourceTree = "<group>"; };
		4675EF45285BDE3C00EBAEF4 /* DetailsViewController.h */ = {isa = PBXFileReference; lastKnownFileType = sourcecode.c.h; path = DetailsViewController.h; sourceTree = "<group>"; };
		4675EF46285BDE3C00EBAEF4 /* DetailsViewController.m */ = {isa = PBXFileReference; lastKnownFileType = sourcecode.c.objc; path = DetailsViewController.m; sourceTree = "<group>"; };
		66DF423737174FD1121BFA70 /* Pods-FlixterTests.debug.xcconfig */ = {isa = PBXFileReference; includeInIndex = 1; lastKnownFileType = text.xcconfig; name = "Pods-FlixterTests.debug.xcconfig"; path = "Target Support Files/Pods-FlixterTests/Pods-FlixterTests.debug.xcconfig"; sourceTree = "<group>"; };
		832EE15EFFA70D9730A6477C /* Pods_Flixter.framework */ = {isa = PBXFileReference; explicitFileType = wrapper.framework; includeInIndex = 0; path = Pods_Flixter.framework; sourceTree = BUILT_PRODUCTS_DIR; };
		843BE18D9C4175A38C870BD6 /* Pods-Flixter-FlixterUITests.release.xcconfig */ = {isa = PBXFileReference; includeInIndex = 1; lastKnownFileType = text.xcconfig; name = "Pods-Flixter-FlixterUITests.release.xcconfig"; path = "Target Support Files/Pods-Flixter-FlixterUITests/Pods-Flixter-FlixterUITests.release.xcconfig"; sourceTree = "<group>"; };
		862CBD178DF23E95ADE155AE /* Pods_Flixter_FlixterUITests.framework */ = {isa = PBXFileReference; explicitFileType = wrapper.framework; includeInIndex = 0; path = Pods_Flixter_FlixterUITests.framework; sourceTree = BUILT_PRODUCTS_DIR; };
		A0503944EF18A3578EA37627 /* Pods_FlixterTests.framework */ = {isa = PBXFileReference; explicitFileType = wrapper.framework; includeInIndex = 0; path = Pods_FlixterTests.framework; sourceTree = BUILT_PRODUCTS_DIR; };
		C7B36EE8BAF46889CC2DE238 /* Pods-Flixter.debug.xcconfig */ = {isa = PBXFileReference; includeInIndex = 1; lastKnownFileType = text.xcconfig; name = "Pods-Flixter.debug.xcconfig"; path = "Target Support Files/Pods-Flixter/Pods-Flixter.debug.xcconfig"; sourceTree = "<group>"; };
		EA041F4E13190DBC3F631C59 /* Pods-Flixter-FlixterUITests.debug.xcconfig */ = {isa = PBXFileReference; includeInIndex = 1; lastKnownFileType = text.xcconfig; name = "Pods-Flixter-FlixterUITests.debug.xcconfig"; path = "Target Support Files/Pods-Flixter-FlixterUITests/Pods-Flixter-FlixterUITests.debug.xcconfig"; sourceTree = "<group>"; };
		F9511A2F1D39D898C2F0C232 /* Pods-Flixter.release.xcconfig */ = {isa = PBXFileReference; includeInIndex = 1; lastKnownFileType = text.xcconfig; name = "Pods-Flixter.release.xcconfig"; path = "Target Support Files/Pods-Flixter/Pods-Flixter.release.xcconfig"; sourceTree = "<group>"; };
/* End PBXFileReference section */

/* Begin PBXFrameworksBuildPhase section */
		462A92B0285A4E6D00FFE6E5 /* Frameworks */ = {
			isa = PBXFrameworksBuildPhase;
			buildActionMask = 2147483647;
			files = (
				3FEBE6702988A0920ECCE2F0 /* Pods_Flixter.framework in Frameworks */,
			);
			runOnlyForDeploymentPostprocessing = 0;
		};
		462A92CB285A4E6E00FFE6E5 /* Frameworks */ = {
			isa = PBXFrameworksBuildPhase;
			buildActionMask = 2147483647;
			files = (
				435C2A48FF24553BF6680744 /* Pods_FlixterTests.framework in Frameworks */,
			);
			runOnlyForDeploymentPostprocessing = 0;
		};
		462A92D5285A4E6E00FFE6E5 /* Frameworks */ = {
			isa = PBXFrameworksBuildPhase;
			buildActionMask = 2147483647;
			files = (
				F1E7D004C6A10D5E63F30CFB /* Pods_Flixter_FlixterUITests.framework in Frameworks */,
			);
			runOnlyForDeploymentPostprocessing = 0;
		};
/* End PBXFrameworksBuildPhase section */

/* Begin PBXGroup section */
		462A92AA285A4E6D00FFE6E5 = {
			isa = PBXGroup;
			children = (
				462A92B5285A4E6D00FFE6E5 /* Flixter */,
				462A92D1285A4E6E00FFE6E5 /* FlixterTests */,
				462A92DB285A4E6E00FFE6E5 /* FlixterUITests */,
				462A92B4285A4E6D00FFE6E5 /* Products */,
				CF736B205B694253C4579ABA /* Pods */,
				586889E66C26A4CD4EAF5850 /* Frameworks */,
			);
			sourceTree = "<group>";
		};
		462A92B4285A4E6D00FFE6E5 /* Products */ = {
			isa = PBXGroup;
			children = (
				462A92B3285A4E6D00FFE6E5 /* Flixter.app */,
				462A92CE285A4E6E00FFE6E5 /* FlixterTests.xctest */,
				462A92D8285A4E6E00FFE6E5 /* FlixterUITests.xctest */,
			);
			name = Products;
			sourceTree = "<group>";
		};
		462A92B5285A4E6D00FFE6E5 /* Flixter */ = {
			isa = PBXGroup;
			children = (
				462A92B6285A4E6D00FFE6E5 /* AppDelegate.h */,
				462A92B7285A4E6D00FFE6E5 /* AppDelegate.m */,
				462A92B9285A4E6D00FFE6E5 /* SceneDelegate.h */,
				462A92BA285A4E6D00FFE6E5 /* SceneDelegate.m */,
				462A92BF285A4E6D00FFE6E5 /* Main.storyboard */,
				4673EA29285D3A6F0066112F /* PosterDetailViewController.h */,
				4673EA2A285D3A6F0066112F /* PosterDetailViewController.m */,
				4673EA26285D31CA0066112F /* GridViewCell.h */,
				4673EA27285D31CA0066112F /* GridViewCell.m */,
				4673EA23285D132C0066112F /* GridViewController.h */,
				4673EA24285D132C0066112F /* GridViewController.m */,
				4675EF45285BDE3C00EBAEF4 /* DetailsViewController.h */,
				4675EF46285BDE3C00EBAEF4 /* DetailsViewController.m */,
				462A92F1285A9AA600FFE6E5 /* MovieCell.h */,
				462A92F2285A9AA600FFE6E5 /* MovieCell.m */,
				462A92EB285A528900FFE6E5 /* MovieViewController.h */,
				462A92EC285A528900FFE6E5 /* MovieViewController.m */,
				462A92C2285A4E6E00FFE6E5 /* Assets.xcassets */,
				462A92C4285A4E6E00FFE6E5 /* LaunchScreen.storyboard */,
				462A92C7285A4E6E00FFE6E5 /* Info.plist */,
				462A92C8285A4E6E00FFE6E5 /* main.m */,
			);
			path = Flixter;
			sourceTree = "<group>";
		};
		462A92D1285A4E6E00FFE6E5 /* FlixterTests */ = {
			isa = PBXGroup;
			children = (
				462A92D2285A4E6E00FFE6E5 /* FlixterTests.m */,
			);
			path = FlixterTests;
			sourceTree = "<group>";
		};
		462A92DB285A4E6E00FFE6E5 /* FlixterUITests */ = {
			isa = PBXGroup;
			children = (
				462A92DC285A4E6E00FFE6E5 /* FlixterUITests.m */,
				462A92DE285A4E6E00FFE6E5 /* FlixterUITestsLaunchTests.m */,
			);
			path = FlixterUITests;
			sourceTree = "<group>";
		};
		586889E66C26A4CD4EAF5850 /* Frameworks */ = {
			isa = PBXGroup;
			children = (
				832EE15EFFA70D9730A6477C /* Pods_Flixter.framework */,
				862CBD178DF23E95ADE155AE /* Pods_Flixter_FlixterUITests.framework */,
				A0503944EF18A3578EA37627 /* Pods_FlixterTests.framework */,
			);
			name = Frameworks;
			sourceTree = "<group>";
		};
		CF736B205B694253C4579ABA /* Pods */ = {
			isa = PBXGroup;
			children = (
				C7B36EE8BAF46889CC2DE238 /* Pods-Flixter.debug.xcconfig */,
				F9511A2F1D39D898C2F0C232 /* Pods-Flixter.release.xcconfig */,
				EA041F4E13190DBC3F631C59 /* Pods-Flixter-FlixterUITests.debug.xcconfig */,
				843BE18D9C4175A38C870BD6 /* Pods-Flixter-FlixterUITests.release.xcconfig */,
				66DF423737174FD1121BFA70 /* Pods-FlixterTests.debug.xcconfig */,
				2A7F52620AF0E2A442D61C56 /* Pods-FlixterTests.release.xcconfig */,
			);
			path = Pods;
			sourceTree = "<group>";
		};
/* End PBXGroup section */

/* Begin PBXNativeTarget section */
		462A92B2285A4E6D00FFE6E5 /* Flixter */ = {
			isa = PBXNativeTarget;
			buildConfigurationList = 462A92E2285A4E6E00FFE6E5 /* Build configuration list for PBXNativeTarget "Flixter" */;
			buildPhases = (
				C3AE16DBE7177AE660161F00 /* [CP] Check Pods Manifest.lock */,
				462A92AF285A4E6D00FFE6E5 /* Sources */,
				462A92B0285A4E6D00FFE6E5 /* Frameworks */,
				462A92B1285A4E6D00FFE6E5 /* Resources */,
				E58EAEDE87F36C1E1B7CE669 /* [CP] Embed Pods Frameworks */,
			);
			buildRules = (
			);
			dependencies = (
			);
			name = Flixter;
			productName = Flixter;
			productReference = 462A92B3285A4E6D00FFE6E5 /* Flixter.app */;
			productType = "com.apple.product-type.application";
		};
		462A92CD285A4E6E00FFE6E5 /* FlixterTests */ = {
			isa = PBXNativeTarget;
			buildConfigurationList = 462A92E5285A4E6E00FFE6E5 /* Build configuration list for PBXNativeTarget "FlixterTests" */;
			buildPhases = (
				AF35D4935902071EAE2FC3FF /* [CP] Check Pods Manifest.lock */,
				462A92CA285A4E6E00FFE6E5 /* Sources */,
				462A92CB285A4E6E00FFE6E5 /* Frameworks */,
				462A92CC285A4E6E00FFE6E5 /* Resources */,
			);
			buildRules = (
			);
			dependencies = (
				462A92D0285A4E6E00FFE6E5 /* PBXTargetDependency */,
			);
			name = FlixterTests;
			productName = FlixterTests;
			productReference = 462A92CE285A4E6E00FFE6E5 /* FlixterTests.xctest */;
			productType = "com.apple.product-type.bundle.unit-test";
		};
		462A92D7285A4E6E00FFE6E5 /* FlixterUITests */ = {
			isa = PBXNativeTarget;
			buildConfigurationList = 462A92E8285A4E6E00FFE6E5 /* Build configuration list for PBXNativeTarget "FlixterUITests" */;
			buildPhases = (
				4B22B021A05B543661C8D498 /* [CP] Check Pods Manifest.lock */,
				462A92D4285A4E6E00FFE6E5 /* Sources */,
				462A92D5285A4E6E00FFE6E5 /* Frameworks */,
				462A92D6285A4E6E00FFE6E5 /* Resources */,
				148DB2D8EF8F885A7F66C74C /* [CP] Embed Pods Frameworks */,
			);
			buildRules = (
			);
			dependencies = (
				462A92DA285A4E6E00FFE6E5 /* PBXTargetDependency */,
			);
			name = FlixterUITests;
			productName = FlixterUITests;
			productReference = 462A92D8285A4E6E00FFE6E5 /* FlixterUITests.xctest */;
			productType = "com.apple.product-type.bundle.ui-testing";
		};
/* End PBXNativeTarget section */

/* Begin PBXProject section */
		462A92AB285A4E6D00FFE6E5 /* Project object */ = {
			isa = PBXProject;
			attributes = {
				BuildIndependentTargetsInParallel = 1;
				LastUpgradeCheck = 1340;
				TargetAttributes = {
					462A92B2285A4E6D00FFE6E5 = {
						CreatedOnToolsVersion = 13.4;
					};
					462A92CD285A4E6E00FFE6E5 = {
						CreatedOnToolsVersion = 13.4;
						TestTargetID = 462A92B2285A4E6D00FFE6E5;
					};
					462A92D7285A4E6E00FFE6E5 = {
						CreatedOnToolsVersion = 13.4;
						TestTargetID = 462A92B2285A4E6D00FFE6E5;
					};
				};
			};
			buildConfigurationList = 462A92AE285A4E6D00FFE6E5 /* Build configuration list for PBXProject "Flixter" */;
			compatibilityVersion = "Xcode 13.0";
			developmentRegion = en;
			hasScannedForEncodings = 0;
			knownRegions = (
				en,
				Base,
			);
			mainGroup = 462A92AA285A4E6D00FFE6E5;
			productRefGroup = 462A92B4285A4E6D00FFE6E5 /* Products */;
			projectDirPath = "";
			projectRoot = "";
			targets = (
				462A92B2285A4E6D00FFE6E5 /* Flixter */,
				462A92CD285A4E6E00FFE6E5 /* FlixterTests */,
				462A92D7285A4E6E00FFE6E5 /* FlixterUITests */,
			);
		};
/* End PBXProject section */

/* Begin PBXResourcesBuildPhase section */
		462A92B1285A4E6D00FFE6E5 /* Resources */ = {
			isa = PBXResourcesBuildPhase;
			buildActionMask = 2147483647;
			files = (
				462A92C6285A4E6E00FFE6E5 /* LaunchScreen.storyboard in Resources */,
				462A92C3285A4E6E00FFE6E5 /* Assets.xcassets in Resources */,
				462A92C1285A4E6D00FFE6E5 /* Main.storyboard in Resources */,
			);
			runOnlyForDeploymentPostprocessing = 0;
		};
		462A92CC285A4E6E00FFE6E5 /* Resources */ = {
			isa = PBXResourcesBuildPhase;
			buildActionMask = 2147483647;
			files = (
			);
			runOnlyForDeploymentPostprocessing = 0;
		};
		462A92D6285A4E6E00FFE6E5 /* Resources */ = {
			isa = PBXResourcesBuildPhase;
			buildActionMask = 2147483647;
			files = (
			);
			runOnlyForDeploymentPostprocessing = 0;
		};
/* End PBXResourcesBuildPhase section */

/* Begin PBXShellScriptBuildPhase section */
		148DB2D8EF8F885A7F66C74C /* [CP] Embed Pods Frameworks */ = {
			isa = PBXShellScriptBuildPhase;
			buildActionMask = 2147483647;
			files = (
			);
			inputFileListPaths = (
				"${PODS_ROOT}/Target Support Files/Pods-Flixter-FlixterUITests/Pods-Flixter-FlixterUITests-frameworks-${CONFIGURATION}-input-files.xcfilelist",
			);
			name = "[CP] Embed Pods Frameworks";
			outputFileListPaths = (
				"${PODS_ROOT}/Target Support Files/Pods-Flixter-FlixterUITests/Pods-Flixter-FlixterUITests-frameworks-${CONFIGURATION}-output-files.xcfilelist",
			);
			runOnlyForDeploymentPostprocessing = 0;
			shellPath = /bin/sh;
			shellScript = "\"${PODS_ROOT}/Target Support Files/Pods-Flixter-FlixterUITests/Pods-Flixter-FlixterUITests-frameworks.sh\"\n";
			showEnvVarsInLog = 0;
		};
		4B22B021A05B543661C8D498 /* [CP] Check Pods Manifest.lock */ = {
			isa = PBXShellScriptBuildPhase;
			buildActionMask = 2147483647;
			files = (
			);
			inputFileListPaths = (
			);
			inputPaths = (
				"${PODS_PODFILE_DIR_PATH}/Podfile.lock",
				"${PODS_ROOT}/Manifest.lock",
			);
			name = "[CP] Check Pods Manifest.lock";
			outputFileListPaths = (
			);
			outputPaths = (
				"$(DERIVED_FILE_DIR)/Pods-Flixter-FlixterUITests-checkManifestLockResult.txt",
			);
			runOnlyForDeploymentPostprocessing = 0;
			shellPath = /bin/sh;
			shellScript = "diff \"${PODS_PODFILE_DIR_PATH}/Podfile.lock\" \"${PODS_ROOT}/Manifest.lock\" > /dev/null\nif [ $? != 0 ] ; then\n    # print error to STDERR\n    echo \"error: The sandbox is not in sync with the Podfile.lock. Run 'pod install' or update your CocoaPods installation.\" >&2\n    exit 1\nfi\n# This output is used by Xcode 'outputs' to avoid re-running this script phase.\necho \"SUCCESS\" > \"${SCRIPT_OUTPUT_FILE_0}\"\n";
			showEnvVarsInLog = 0;
		};
		AF35D4935902071EAE2FC3FF /* [CP] Check Pods Manifest.lock */ = {
			isa = PBXShellScriptBuildPhase;
			buildActionMask = 2147483647;
			files = (
			);
			inputFileListPaths = (
			);
			inputPaths = (
				"${PODS_PODFILE_DIR_PATH}/Podfile.lock",
				"${PODS_ROOT}/Manifest.lock",
			);
			name = "[CP] Check Pods Manifest.lock";
			outputFileListPaths = (
			);
			outputPaths = (
				"$(DERIVED_FILE_DIR)/Pods-FlixterTests-checkManifestLockResult.txt",
			);
			runOnlyForDeploymentPostprocessing = 0;
			shellPath = /bin/sh;
			shellScript = "diff \"${PODS_PODFILE_DIR_PATH}/Podfile.lock\" \"${PODS_ROOT}/Manifest.lock\" > /dev/null\nif [ $? != 0 ] ; then\n    # print error to STDERR\n    echo \"error: The sandbox is not in sync with the Podfile.lock. Run 'pod install' or update your CocoaPods installation.\" >&2\n    exit 1\nfi\n# This output is used by Xcode 'outputs' to avoid re-running this script phase.\necho \"SUCCESS\" > \"${SCRIPT_OUTPUT_FILE_0}\"\n";
			showEnvVarsInLog = 0;
		};
		C3AE16DBE7177AE660161F00 /* [CP] Check Pods Manifest.lock */ = {
			isa = PBXShellScriptBuildPhase;
			buildActionMask = 2147483647;
			files = (
			);
			inputFileListPaths = (
			);
			inputPaths = (
				"${PODS_PODFILE_DIR_PATH}/Podfile.lock",
				"${PODS_ROOT}/Manifest.lock",
			);
			name = "[CP] Check Pods Manifest.lock";
			outputFileListPaths = (
			);
			outputPaths = (
				"$(DERIVED_FILE_DIR)/Pods-Flixter-checkManifestLockResult.txt",
			);
			runOnlyForDeploymentPostprocessing = 0;
			shellPath = /bin/sh;
			shellScript = "diff \"${PODS_PODFILE_DIR_PATH}/Podfile.lock\" \"${PODS_ROOT}/Manifest.lock\" > /dev/null\nif [ $? != 0 ] ; then\n    # print error to STDERR\n    echo \"error: The sandbox is not in sync with the Podfile.lock. Run 'pod install' or update your CocoaPods installation.\" >&2\n    exit 1\nfi\n# This output is used by Xcode 'outputs' to avoid re-running this script phase.\necho \"SUCCESS\" > \"${SCRIPT_OUTPUT_FILE_0}\"\n";
			showEnvVarsInLog = 0;
		};
		E58EAEDE87F36C1E1B7CE669 /* [CP] Embed Pods Frameworks */ = {
			isa = PBXShellScriptBuildPhase;
			buildActionMask = 2147483647;
			files = (
			);
			inputFileListPaths = (
				"${PODS_ROOT}/Target Support Files/Pods-Flixter/Pods-Flixter-frameworks-${CONFIGURATION}-input-files.xcfilelist",
			);
			name = "[CP] Embed Pods Frameworks";
			outputFileListPaths = (
				"${PODS_ROOT}/Target Support Files/Pods-Flixter/Pods-Flixter-frameworks-${CONFIGURATION}-output-files.xcfilelist",
			);
			runOnlyForDeploymentPostprocessing = 0;
			shellPath = /bin/sh;
			shellScript = "\"${PODS_ROOT}/Target Support Files/Pods-Flixter/Pods-Flixter-frameworks.sh\"\n";
			showEnvVarsInLog = 0;
		};
/* End PBXShellScriptBuildPhase section */

/* Begin PBXSourcesBuildPhase section */
		462A92AF285A4E6D00FFE6E5 /* Sources */ = {
			isa = PBXSourcesBuildPhase;
			buildActionMask = 2147483647;
			files = (
				462A92ED285A528900FFE6E5 /* MovieViewController.m in Sources */,
				462A92F3285A9AA600FFE6E5 /* MovieCell.m in Sources */,
				4673EA28285D31CA0066112F /* GridViewCell.m in Sources */,
				462A92B8285A4E6D00FFE6E5 /* AppDelegate.m in Sources */,
				4673EA25285D132C0066112F /* GridViewController.m in Sources */,
				4675EF47285BDE3C00EBAEF4 /* DetailsViewController.m in Sources */,
				4673EA2B285D3A6F0066112F /* PosterDetailViewController.m in Sources */,
				462A92C9285A4E6E00FFE6E5 /* main.m in Sources */,
				462A92BB285A4E6D00FFE6E5 /* SceneDelegate.m in Sources */,
			);
			runOnlyForDeploymentPostprocessing = 0;
		};
		462A92CA285A4E6E00FFE6E5 /* Sources */ = {
			isa = PBXSourcesBuildPhase;
			buildActionMask = 2147483647;
			files = (
				462A92D3285A4E6E00FFE6E5 /* FlixterTests.m in Sources */,
			);
			runOnlyForDeploymentPostprocessing = 0;
		};
		462A92D4285A4E6E00FFE6E5 /* Sources */ = {
			isa = PBXSourcesBuildPhase;
			buildActionMask = 2147483647;
			files = (
				462A92DD285A4E6E00FFE6E5 /* FlixterUITests.m in Sources */,
				462A92DF285A4E6E00FFE6E5 /* FlixterUITestsLaunchTests.m in Sources */,
			);
			runOnlyForDeploymentPostprocessing = 0;
		};
/* End PBXSourcesBuildPhase section */

/* Begin PBXTargetDependency section */
		462A92D0285A4E6E00FFE6E5 /* PBXTargetDependency */ = {
			isa = PBXTargetDependency;
			target = 462A92B2285A4E6D00FFE6E5 /* Flixter */;
			targetProxy = 462A92CF285A4E6E00FFE6E5 /* PBXContainerItemProxy */;
		};
		462A92DA285A4E6E00FFE6E5 /* PBXTargetDependency */ = {
			isa = PBXTargetDependency;
			target = 462A92B2285A4E6D00FFE6E5 /* Flixter */;
			targetProxy = 462A92D9285A4E6E00FFE6E5 /* PBXContainerItemProxy */;
		};
/* End PBXTargetDependency section */

/* Begin PBXVariantGroup section */
		462A92BF285A4E6D00FFE6E5 /* Main.storyboard */ = {
			isa = PBXVariantGroup;
			children = (
				462A92C0285A4E6D00FFE6E5 /* Base */,
			);
			name = Main.storyboard;
			sourceTree = "<group>";
		};
		462A92C4285A4E6E00FFE6E5 /* LaunchScreen.storyboard */ = {
			isa = PBXVariantGroup;
			children = (
				462A92C5285A4E6E00FFE6E5 /* Base */,
			);
			name = LaunchScreen.storyboard;
			sourceTree = "<group>";
		};
/* End PBXVariantGroup section */

/* Begin XCBuildConfiguration section */
		462A92E0285A4E6E00FFE6E5 /* Debug */ = {
			isa = XCBuildConfiguration;
			buildSettings = {
				ALWAYS_SEARCH_USER_PATHS = NO;
				CLANG_ANALYZER_NONNULL = YES;
				CLANG_ANALYZER_NUMBER_OBJECT_CONVERSION = YES_AGGRESSIVE;
				CLANG_CXX_LANGUAGE_STANDARD = "gnu++17";
				CLANG_ENABLE_MODULES = YES;
				CLANG_ENABLE_OBJC_ARC = YES;
				CLANG_ENABLE_OBJC_WEAK = YES;
				CLANG_WARN_BLOCK_CAPTURE_AUTORELEASING = YES;
				CLANG_WARN_BOOL_CONVERSION = YES;
				CLANG_WARN_COMMA = YES;
				CLANG_WARN_CONSTANT_CONVERSION = YES;
				CLANG_WARN_DEPRECATED_OBJC_IMPLEMENTATIONS = YES;
				CLANG_WARN_DIRECT_OBJC_ISA_USAGE = YES_ERROR;
				CLANG_WARN_DOCUMENTATION_COMMENTS = YES;
				CLANG_WARN_EMPTY_BODY = YES;
				CLANG_WARN_ENUM_CONVERSION = YES;
				CLANG_WARN_INFINITE_RECURSION = YES;
				CLANG_WARN_INT_CONVERSION = YES;
				CLANG_WARN_NON_LITERAL_NULL_CONVERSION = YES;
				CLANG_WARN_OBJC_IMPLICIT_RETAIN_SELF = YES;
				CLANG_WARN_OBJC_LITERAL_CONVERSION = YES;
				CLANG_WARN_OBJC_ROOT_CLASS = YES_ERROR;
				CLANG_WARN_QUOTED_INCLUDE_IN_FRAMEWORK_HEADER = YES;
				CLANG_WARN_RANGE_LOOP_ANALYSIS = YES;
				CLANG_WARN_STRICT_PROTOTYPES = YES;
				CLANG_WARN_SUSPICIOUS_MOVE = YES;
				CLANG_WARN_UNGUARDED_AVAILABILITY = YES_AGGRESSIVE;
				CLANG_WARN_UNREACHABLE_CODE = YES;
				CLANG_WARN__DUPLICATE_METHOD_MATCH = YES;
				COPY_PHASE_STRIP = NO;
				DEBUG_INFORMATION_FORMAT = dwarf;
				ENABLE_STRICT_OBJC_MSGSEND = YES;
				ENABLE_TESTABILITY = YES;
				GCC_C_LANGUAGE_STANDARD = gnu11;
				GCC_DYNAMIC_NO_PIC = NO;
				GCC_NO_COMMON_BLOCKS = YES;
				GCC_OPTIMIZATION_LEVEL = 0;
				GCC_PREPROCESSOR_DEFINITIONS = (
					"DEBUG=1",
					"$(inherited)",
				);
				GCC_WARN_64_TO_32_BIT_CONVERSION = YES;
				GCC_WARN_ABOUT_RETURN_TYPE = YES_ERROR;
				GCC_WARN_UNDECLARED_SELECTOR = YES;
				GCC_WARN_UNINITIALIZED_AUTOS = YES_AGGRESSIVE;
				GCC_WARN_UNUSED_FUNCTION = YES;
				GCC_WARN_UNUSED_VARIABLE = YES;
				IPHONEOS_DEPLOYMENT_TARGET = 15.5;
				MTL_ENABLE_DEBUG_INFO = INCLUDE_SOURCE;
				MTL_FAST_MATH = YES;
				ONLY_ACTIVE_ARCH = YES;
				SDKROOT = iphoneos;
			};
			name = Debug;
		};
		462A92E1285A4E6E00FFE6E5 /* Release */ = {
			isa = XCBuildConfiguration;
			buildSettings = {
				ALWAYS_SEARCH_USER_PATHS = NO;
				CLANG_ANALYZER_NONNULL = YES;
				CLANG_ANALYZER_NUMBER_OBJECT_CONVERSION = YES_AGGRESSIVE;
				CLANG_CXX_LANGUAGE_STANDARD = "gnu++17";
				CLANG_ENABLE_MODULES = YES;
				CLANG_ENABLE_OBJC_ARC = YES;
				CLANG_ENABLE_OBJC_WEAK = YES;
				CLANG_WARN_BLOCK_CAPTURE_AUTORELEASING = YES;
				CLANG_WARN_BOOL_CONVERSION = YES;
				CLANG_WARN_COMMA = YES;
				CLANG_WARN_CONSTANT_CONVERSION = YES;
				CLANG_WARN_DEPRECATED_OBJC_IMPLEMENTATIONS = YES;
				CLANG_WARN_DIRECT_OBJC_ISA_USAGE = YES_ERROR;
				CLANG_WARN_DOCUMENTATION_COMMENTS = YES;
				CLANG_WARN_EMPTY_BODY = YES;
				CLANG_WARN_ENUM_CONVERSION = YES;
				CLANG_WARN_INFINITE_RECURSION = YES;
				CLANG_WARN_INT_CONVERSION = YES;
				CLANG_WARN_NON_LITERAL_NULL_CONVERSION = YES;
				CLANG_WARN_OBJC_IMPLICIT_RETAIN_SELF = YES;
				CLANG_WARN_OBJC_LITERAL_CONVERSION = YES;
				CLANG_WARN_OBJC_ROOT_CLASS = YES_ERROR;
				CLANG_WARN_QUOTED_INCLUDE_IN_FRAMEWORK_HEADER = YES;
				CLANG_WARN_RANGE_LOOP_ANALYSIS = YES;
				CLANG_WARN_STRICT_PROTOTYPES = YES;
				CLANG_WARN_SUSPICIOUS_MOVE = YES;
				CLANG_WARN_UNGUARDED_AVAILABILITY = YES_AGGRESSIVE;
				CLANG_WARN_UNREACHABLE_CODE = YES;
				CLANG_WARN__DUPLICATE_METHOD_MATCH = YES;
				COPY_PHASE_STRIP = NO;
				DEBUG_INFORMATION_FORMAT = "dwarf-with-dsym";
				ENABLE_NS_ASSERTIONS = NO;
				ENABLE_STRICT_OBJC_MSGSEND = YES;
				GCC_C_LANGUAGE_STANDARD = gnu11;
				GCC_NO_COMMON_BLOCKS = YES;
				GCC_WARN_64_TO_32_BIT_CONVERSION = YES;
				GCC_WARN_ABOUT_RETURN_TYPE = YES_ERROR;
				GCC_WARN_UNDECLARED_SELECTOR = YES;
				GCC_WARN_UNINITIALIZED_AUTOS = YES_AGGRESSIVE;
				GCC_WARN_UNUSED_FUNCTION = YES;
				GCC_WARN_UNUSED_VARIABLE = YES;
				IPHONEOS_DEPLOYMENT_TARGET = 15.5;
				MTL_ENABLE_DEBUG_INFO = NO;
				MTL_FAST_MATH = YES;
				SDKROOT = iphoneos;
				VALIDATE_PRODUCT = YES;
			};
			name = Release;
		};
		462A92E3285A4E6E00FFE6E5 /* Debug */ = {
			isa = XCBuildConfiguration;
			baseConfigurationReference = C7B36EE8BAF46889CC2DE238 /* Pods-Flixter.debug.xcconfig */;
			buildSettings = {
				ASSETCATALOG_COMPILER_APPICON_NAME = AppIcon;
				ASSETCATALOG_COMPILER_GLOBAL_ACCENT_COLOR_NAME = AccentColor;
				CODE_SIGN_STYLE = Automatic;
				CURRENT_PROJECT_VERSION = 1;
				GENERATE_INFOPLIST_FILE = YES;
				INFOPLIST_FILE = Flixter/Info.plist;
				INFOPLIST_KEY_UIApplicationSupportsIndirectInputEvents = YES;
				INFOPLIST_KEY_UILaunchStoryboardName = LaunchScreen;
				INFOPLIST_KEY_UIMainStoryboardFile = Main;
				INFOPLIST_KEY_UISupportedInterfaceOrientations_iPad = "UIInterfaceOrientationPortrait UIInterfaceOrientationPortraitUpsideDown UIInterfaceOrientationLandscapeLeft UIInterfaceOrientationLandscapeRight";
				INFOPLIST_KEY_UISupportedInterfaceOrientations_iPhone = "UIInterfaceOrientationPortrait UIInterfaceOrientationLandscapeLeft UIInterfaceOrientationLandscapeRight";
				LD_RUNPATH_SEARCH_PATHS = (
					"$(inherited)",
					"@executable_path/Frameworks",
				);
				MARKETING_VERSION = 1.0;
				PRODUCT_BUNDLE_IDENTIFIER = com.bienn.Flixter;
				PRODUCT_NAME = "$(TARGET_NAME)";
				SWIFT_EMIT_LOC_STRINGS = YES;
				TARGETED_DEVICE_FAMILY = "1,2";
			};
			name = Debug;
		};
		462A92E4285A4E6E00FFE6E5 /* Release */ = {
			isa = XCBuildConfiguration;
			baseConfigurationReference = F9511A2F1D39D898C2F0C232 /* Pods-Flixter.release.xcconfig */;
			buildSettings = {
				ASSETCATALOG_COMPILER_APPICON_NAME = AppIcon;
				ASSETCATALOG_COMPILER_GLOBAL_ACCENT_COLOR_NAME = AccentColor;
				CODE_SIGN_STYLE = Automatic;
				CURRENT_PROJECT_VERSION = 1;
				GENERATE_INFOPLIST_FILE = YES;
				INFOPLIST_FILE = Flixter/Info.plist;
				INFOPLIST_KEY_UIApplicationSupportsIndirectInputEvents = YES;
				INFOPLIST_KEY_UILaunchStoryboardName = LaunchScreen;
				INFOPLIST_KEY_UIMainStoryboardFile = Main;
				INFOPLIST_KEY_UISupportedInterfaceOrientations_iPad = "UIInterfaceOrientationPortrait UIInterfaceOrientationPortraitUpsideDown UIInterfaceOrientationLandscapeLeft UIInterfaceOrientationLandscapeRight";
				INFOPLIST_KEY_UISupportedInterfaceOrientations_iPhone = "UIInterfaceOrientationPortrait UIInterfaceOrientationLandscapeLeft UIInterfaceOrientationLandscapeRight";
				LD_RUNPATH_SEARCH_PATHS = (
					"$(inherited)",
					"@executable_path/Frameworks",
				);
				MARKETING_VERSION = 1.0;
				PRODUCT_BUNDLE_IDENTIFIER = com.bienn.Flixter;
				PRODUCT_NAME = "$(TARGET_NAME)";
				SWIFT_EMIT_LOC_STRINGS = YES;
				TARGETED_DEVICE_FAMILY = "1,2";
			};
			name = Release;
		};
		462A92E6285A4E6E00FFE6E5 /* Debug */ = {
			isa = XCBuildConfiguration;
			baseConfigurationReference = 66DF423737174FD1121BFA70 /* Pods-FlixterTests.debug.xcconfig */;
			buildSettings = {
				BUNDLE_LOADER = "$(TEST_HOST)";
				CODE_SIGN_STYLE = Automatic;
				CURRENT_PROJECT_VERSION = 1;
				GENERATE_INFOPLIST_FILE = YES;
				IPHONEOS_DEPLOYMENT_TARGET = 15.5;
				MARKETING_VERSION = 1.0;
				PRODUCT_BUNDLE_IDENTIFIER = com.bienn.FlixterTests;
				PRODUCT_NAME = "$(TARGET_NAME)";
				SWIFT_EMIT_LOC_STRINGS = NO;
				TARGETED_DEVICE_FAMILY = "1,2";
				TEST_HOST = "$(BUILT_PRODUCTS_DIR)/Flixter.app/Flixter";
			};
			name = Debug;
		};
		462A92E7285A4E6E00FFE6E5 /* Release */ = {
			isa = XCBuildConfiguration;
			baseConfigurationReference = 2A7F52620AF0E2A442D61C56 /* Pods-FlixterTests.release.xcconfig */;
			buildSettings = {
				BUNDLE_LOADER = "$(TEST_HOST)";
				CODE_SIGN_STYLE = Automatic;
				CURRENT_PROJECT_VERSION = 1;
				GENERATE_INFOPLIST_FILE = YES;
				IPHONEOS_DEPLOYMENT_TARGET = 15.5;
				MARKETING_VERSION = 1.0;
				PRODUCT_BUNDLE_IDENTIFIER = com.bienn.FlixterTests;
				PRODUCT_NAME = "$(TARGET_NAME)";
				SWIFT_EMIT_LOC_STRINGS = NO;
				TARGETED_DEVICE_FAMILY = "1,2";
				TEST_HOST = "$(BUILT_PRODUCTS_DIR)/Flixter.app/Flixter";
			};
			name = Release;
		};
		462A92E9285A4E6E00FFE6E5 /* Debug */ = {
			isa = XCBuildConfiguration;
			baseConfigurationReference = EA041F4E13190DBC3F631C59 /* Pods-Flixter-FlixterUITests.debug.xcconfig */;
			buildSettings = {
				CODE_SIGN_STYLE = Automatic;
				CURRENT_PROJECT_VERSION = 1;
				GENERATE_INFOPLIST_FILE = YES;
				MARKETING_VERSION = 1.0;
				PRODUCT_BUNDLE_IDENTIFIER = com.bienn.FlixterUITests;
				PRODUCT_NAME = "$(TARGET_NAME)";
				SWIFT_EMIT_LOC_STRINGS = NO;
				TARGETED_DEVICE_FAMILY = "1,2";
				TEST_TARGET_NAME = Flixter;
			};
			name = Debug;
		};
		462A92EA285A4E6E00FFE6E5 /* Release */ = {
			isa = XCBuildConfiguration;
			baseConfigurationReference = 843BE18D9C4175A38C870BD6 /* Pods-Flixter-FlixterUITests.release.xcconfig */;
			buildSettings = {
				CODE_SIGN_STYLE = Automatic;
				CURRENT_PROJECT_VERSION = 1;
				GENERATE_INFOPLIST_FILE = YES;
				MARKETING_VERSION = 1.0;
				PRODUCT_BUNDLE_IDENTIFIER = com.bienn.FlixterUITests;
				PRODUCT_NAME = "$(TARGET_NAME)";
				SWIFT_EMIT_LOC_STRINGS = NO;
				TARGETED_DEVICE_FAMILY = "1,2";
				TEST_TARGET_NAME = Flixter;
			};
			name = Release;
		};
/* End XCBuildConfiguration section */

/* Begin XCConfigurationList section */
		462A92AE285A4E6D00FFE6E5 /* Build configuration list for PBXProject "Flixter" */ = {
			isa = XCConfigurationList;
			buildConfigurations = (
				462A92E0285A4E6E00FFE6E5 /* Debug */,
				462A92E1285A4E6E00FFE6E5 /* Release */,
			);
			defaultConfigurationIsVisible = 0;
			defaultConfigurationName = Release;
		};
		462A92E2285A4E6E00FFE6E5 /* Build configuration list for PBXNativeTarget "Flixter" */ = {
			isa = XCConfigurationList;
			buildConfigurations = (
				462A92E3285A4E6E00FFE6E5 /* Debug */,
				462A92E4285A4E6E00FFE6E5 /* Release */,
			);
			defaultConfigurationIsVisible = 0;
			defaultConfigurationName = Release;
		};
		462A92E5285A4E6E00FFE6E5 /* Build configuration list for PBXNativeTarget "FlixterTests" */ = {
			isa = XCConfigurationList;
			buildConfigurations = (
				462A92E6285A4E6E00FFE6E5 /* Debug */,
				462A92E7285A4E6E00FFE6E5 /* Release */,
			);
			defaultConfigurationIsVisible = 0;
			defaultConfigurationName = Release;
		};
		462A92E8285A4E6E00FFE6E5 /* Build configuration list for PBXNativeTarget "FlixterUITests" */ = {
			isa = XCConfigurationList;
			buildConfigurations = (
				462A92E9285A4E6E00FFE6E5 /* Debug */,
				462A92EA285A4E6E00FFE6E5 /* Release */,
			);
			defaultConfigurationIsVisible = 0;
			defaultConfigurationName = Release;
		};
/* End XCConfigurationList section */
	};
	rootObject = 462A92AB285A4E6D00FFE6E5 /* Project object */;
}
